{
  "name": "webdesign",
  "lockfileVersion": 3,
  "requires": true,
  "packages": {
    "": {
      "dependencies": {
        "animejs": "^3.2.1",
        "gridjs": "^6.0.6"
      }
      
    },
    "node_modules/animejs": {
      "version": "3.2.1",
      "resolved": "https://registry.npmmirror.com/animejs/-/animejs-3.2.1.tgz",
      "integrity": "sha512-sWno3ugFryK5nhiDm/2BKeFCpZv7vzerWUcUPyAZLDhMek3+S/p418ldZJbJXo5ZUOpfm2kP2XRO4NJcULMy9A=="
    },
    "node_modules/gridjs": {
      "version": "6.0.6",
      "resolved": "https://registry.npmjs.org/gridjs/-/gridjs-6.0.6.tgz",
      "integrity": "sha512-TZ20nY+weE/wlyXOd3A9FJyJlsJ/MrHr6frMgUHFN29RmWZCYtnyfF0zuspXC81oePwSJeSZ8HY651aeyX8+rQ==",
      "dependencies": {
        "preact": "^10.11.3"
      }
    },
    "node_modules/preact": {
      "version": "10.16.0",
      "resolved": "https://registry.npmjs.org/preact/-/preact-10.16.0.tgz",
      "integrity": "sha512-XTSj3dJ4roKIC93pald6rWuB2qQJO9gO2iLLyTe87MrjQN+HklueLsmskbywEWqCHlclgz3/M4YLL2iBr9UmMA==",
      "funding": {
        "type": "opencollective",
        "url": "https://opencollective.com/preact"
      }
    }
  }
}
